// !$*UTF8*$!
{
	archiveVersion = 1;
	classes = {
	};
	objectVersion = 55;
	objects = {

/* Begin PBXBuildFile section */
		865768AD273AEAB500DEFC9A /* LinkedIn_CloneApp.swift in Sources */ = {isa = PBXBuildFile; fileRef = 865768AC273AEAB500DEFC9A /* LinkedIn_CloneApp.swift */; };
		865768AF273AEAB500DEFC9A /* ContentView.swift in Sources */ = {isa = PBXBuildFile; fileRef = 865768AE273AEAB500DEFC9A /* ContentView.swift */; };
		865768B1273AEAB600DEFC9A /* Assets.xcassets in Resources */ = {isa = PBXBuildFile; fileRef = 865768B0273AEAB600DEFC9A /* Assets.xcassets */; };
		865768B4273AEAB600DEFC9A /* Preview Assets.xcassets in Resources */ = {isa = PBXBuildFile; fileRef = 865768B3273AEAB600DEFC9A /* Preview Assets.xcassets */; };
		865768C0273AECC100DEFC9A /* MainView.swift in Sources */ = {isa = PBXBuildFile; fileRef = 865768BF273AECC100DEFC9A /* MainView.swift */; };
		865768C8273AEDA700DEFC9A /* HomeView.swift in Sources */ = {isa = PBXBuildFile; fileRef = 865768C7273AEDA700DEFC9A /* HomeView.swift */; };
		865768CA273AEDB400DEFC9A /* HomeCell.swift in Sources */ = {isa = PBXBuildFile; fileRef = 865768C9273AEDB400DEFC9A /* HomeCell.swift */; };
		865768CD273AEE7600DEFC9A /* NetworkView.swift in Sources */ = {isa = PBXBuildFile; fileRef = 865768CC273AEE7600DEFC9A /* NetworkView.swift */; };
		865768D1273AEF3100DEFC9A /* PostView.swift in Sources */ = {isa = PBXBuildFile; fileRef = 865768D0273AEF3100DEFC9A /* PostView.swift */; };
		865768D4273AEFDA00DEFC9A /* NotificationView.swift in Sources */ = {isa = PBXBuildFile; fileRef = 865768D3273AEFDA00DEFC9A /* NotificationView.swift */; };
		865768DA273AF0D800DEFC9A /* JobView.swift in Sources */ = {isa = PBXBuildFile; fileRef = 865768D9273AF0D800DEFC9A /* JobView.swift */; };
		865768DE273B058C00DEFC9A /* ProfileView.swift in Sources */ = {isa = PBXBuildFile; fileRef = 865768DD273B058C00DEFC9A /* ProfileView.swift */; };
		865768EF273F00A600DEFC9A /* ChatView.swift in Sources */ = {isa = PBXBuildFile; fileRef = 865768EE273F00A600DEFC9A /* ChatView.swift */; };
		865768F1273FD27100DEFC9A /* NetworkCell.swift in Sources */ = {isa = PBXBuildFile; fileRef = 865768F0273FD27100DEFC9A /* NetworkCell.swift */; };
		865768F32740497200DEFC9A /* NotificationCell.swift in Sources */ = {isa = PBXBuildFile; fileRef = 865768F22740497200DEFC9A /* NotificationCell.swift */; };
		865768F527404D4F00DEFC9A /* JobCell.swift in Sources */ = {isa = PBXBuildFile; fileRef = 865768F427404D4F00DEFC9A /* JobCell.swift */; };
		865768F72740513300DEFC9A /* JobDetail.swift in Sources */ = {isa = PBXBuildFile; fileRef = 865768F62740513300DEFC9A /* JobDetail.swift */; };
/* End PBXBuildFile section */

/* Begin PBXFileReference section */
		865768A9273AEAB500DEFC9A /* LinkedIn-Clone.app */ = {isa = PBXFileReference; explicitFileType = wrapper.application; includeInIndex = 0; path = "LinkedIn-Clone.app"; sourceTree = BUILT_PRODUCTS_DIR; };
		865768AC273AEAB500DEFC9A /* LinkedIn_CloneApp.swift */ = {isa = PBXFileReference; lastKnownFileType = sourcecode.swift; path = LinkedIn_CloneApp.swift; sourceTree = "<group>"; };
		865768AE273AEAB500DEFC9A /* ContentView.swift */ = {isa = PBXFileReference; lastKnownFileType = sourcecode.swift; path = ContentView.swift; sourceTree = "<group>"; };
		865768B0273AEAB600DEFC9A /* Assets.xcassets */ = {isa = PBXFileReference; lastKnownFileType = folder.assetcatalog; path = Assets.xcassets; sourceTree = "<group>"; };
		865768B3273AEAB600DEFC9A /* Preview Assets.xcassets */ = {isa = PBXFileReference; lastKnownFileType = folder.assetcatalog; path = "Preview Assets.xcassets"; sourceTree = "<group>"; };
		865768BF273AECC100DEFC9A /* MainView.swift */ = {isa = PBXFileReference; lastKnownFileType = sourcecode.swift; path = MainView.swift; sourceTree = "<group>"; };
		865768C7273AEDA700DEFC9A /* HomeView.swift */ = {isa = PBXFileReference; lastKnownFileType = sourcecode.swift; path = HomeView.swift; sourceTree = "<group>"; };
		865768C9273AEDB400DEFC9A /* HomeCell.swift */ = {isa = PBXFileReference; lastKnownFileType = sourcecode.swift; path = HomeCell.swift; sourceTree = "<group>"; };
		865768CC273AEE7600DEFC9A /* NetworkView.swift */ = {isa = PBXFileReference; lastKnownFileType = sourcecode.swift; path = NetworkView.swift; sourceTree = "<group>"; };
		865768D0273AEF3100DEFC9A /* PostView.swift */ = {isa = PBXFileReference; lastKnownFileType = sourcecode.swift; path = PostView.swift; sourceTree = "<group>"; };
		865768D3273AEFDA00DEFC9A /* NotificationView.swift */ = {isa = PBXFileReference; lastKnownFileType = sourcecode.swift; path = NotificationView.swift; sourceTree = "<group>"; };
		865768D9273AF0D800DEFC9A /* JobView.swift */ = {isa = PBXFileReference; lastKnownFileType = sourcecode.swift; path = JobView.swift; sourceTree = "<group>"; };
		865768DD273B058C00DEFC9A /* ProfileView.swift */ = {isa = PBXFileReference; lastKnownFileType = sourcecode.swift; path = ProfileView.swift; sourceTree = "<group>"; };
		865768EE273F00A600DEFC9A /* ChatView.swift */ = {isa = PBXFileReference; lastKnownFileType = sourcecode.swift; path = ChatView.swift; sourceTree = "<group>"; };
		865768F0273FD27100DEFC9A /* NetworkCell.swift */ = {isa = PBXFileReference; lastKnownFileType = sourcecode.swift; path = NetworkCell.swift; sourceTree = "<group>"; };
		865768F22740497200DEFC9A /* NotificationCell.swift */ = {isa = PBXFileReference; lastKnownFileType = sourcecode.swift; path = NotificationCell.swift; sourceTree = "<group>"; };
		865768F427404D4F00DEFC9A /* JobCell.swift */ = {isa = PBXFileReference; lastKnownFileType = sourcecode.swift; path = JobCell.swift; sourceTree = "<group>"; };
		865768F62740513300DEFC9A /* JobDetail.swift */ = {isa = PBXFileReference; lastKnownFileType = sourcecode.swift; path = JobDetail.swift; sourceTree = "<group>"; };
/* End PBXFileReference section */

/* Begin PBXFrameworksBuildPhase section */
		865768A6273AEAB500DEFC9A /* Frameworks */ = {
			isa = PBXFrameworksBuildPhase;
			buildActionMask = 2147483647;
			files = (
			);
			runOnlyForDeploymentPostprocessing = 0;
		};
/* End PBXFrameworksBuildPhase section */

/* Begin PBXGroup section */
		865768A0273AEAB500DEFC9A = {
			isa = PBXGroup;
			children = (
				865768AB273AEAB500DEFC9A /* LinkedIn-Clone */,
				865768AA273AEAB500DEFC9A /* Products */,
			);
			sourceTree = "<group>";
		};
		865768AA273AEAB500DEFC9A /* Products */ = {
			isa = PBXGroup;
			children = (
				865768A9273AEAB500DEFC9A /* LinkedIn-Clone.app */,
			);
			name = Products;
			sourceTree = "<group>";
		};
		865768AB273AEAB500DEFC9A /* LinkedIn-Clone */ = {
			isa = PBXGroup;
			children = (
				865768BA273AEB4400DEFC9A /* View */,
				865768AC273AEAB500DEFC9A /* LinkedIn_CloneApp.swift */,
				865768AE273AEAB500DEFC9A /* ContentView.swift */,
				865768B0273AEAB600DEFC9A /* Assets.xcassets */,
				865768B2273AEAB600DEFC9A /* Preview Content */,
			);
			path = "LinkedIn-Clone";
			sourceTree = "<group>";
		};
		865768B2273AEAB600DEFC9A /* Preview Content */ = {
			isa = PBXGroup;
			children = (
				865768B3273AEAB600DEFC9A /* Preview Assets.xcassets */,
			);
			path = "Preview Content";
			sourceTree = "<group>";
		};
		865768BA273AEB4400DEFC9A /* View */ = {
			isa = PBXGroup;
			children = (
				865768ED273F009900DEFC9A /* Chat */,
				865768DB273B057600DEFC9A /* Profile */,
				865768D8273AF0C400DEFC9A /* Job */,
				865768D2273AEFB800DEFC9A /* Notification */,
				865768CE273AEEFA00DEFC9A /* Post */,
				865768CB273AEE3800DEFC9A /* Network */,
				865768C6273AED9A00DEFC9A /* Home */,
				865768BE273AEC9000DEFC9A /* Main */,
			);
			path = View;
			sourceTree = "<group>";
		};
		865768BE273AEC9000DEFC9A /* Main */ = {
			isa = PBXGroup;
			children = (
				865768BF273AECC100DEFC9A /* MainView.swift */,
			);
			path = Main;
			sourceTree = "<group>";
		};
		865768C6273AED9A00DEFC9A /* Home */ = {
			isa = PBXGroup;
			children = (
				865768C7273AEDA700DEFC9A /* HomeView.swift */,
				865768C9273AEDB400DEFC9A /* HomeCell.swift */,
			);
			path = Home;
			sourceTree = "<group>";
		};
		865768CB273AEE3800DEFC9A /* Network */ = {
			isa = PBXGroup;
			children = (
				865768CC273AEE7600DEFC9A /* NetworkView.swift */,
				865768F0273FD27100DEFC9A /* NetworkCell.swift */,
			);
			path = Network;
			sourceTree = "<group>";
		};
		865768CE273AEEFA00DEFC9A /* Post */ = {
			isa = PBXGroup;
			children = (
				865768D0273AEF3100DEFC9A /* PostView.swift */,
			);
			path = Post;
			sourceTree = "<group>";
		};
		865768D2273AEFB800DEFC9A /* Notification */ = {
			isa = PBXGroup;
			children = (
				865768D3273AEFDA00DEFC9A /* NotificationView.swift */,
				865768F22740497200DEFC9A /* NotificationCell.swift */,
			);
			path = Notification;
			sourceTree = "<group>";
		};
		865768D8273AF0C400DEFC9A /* Job */ = {
			isa = PBXGroup;
			children = (
				865768D9273AF0D800DEFC9A /* JobView.swift */,
				865768F427404D4F00DEFC9A /* JobCell.swift */,
				865768F62740513300DEFC9A /* JobDetail.swift */,
			);
			path = Job;
			sourceTree = "<group>";
		};
		865768DB273B057600DEFC9A /* Profile */ = {
			isa = PBXGroup;
			children = (
				865768DD273B058C00DEFC9A /* ProfileView.swift */,
			);
			path = Profile;
			sourceTree = "<group>";
		};
		865768ED273F009900DEFC9A /* Chat */ = {
			isa = PBXGroup;
			children = (
				865768EE273F00A600DEFC9A /* ChatView.swift */,
			);
			path = Chat;
			sourceTree = "<group>";
		};
/* End PBXGroup section */

/* Begin PBXNativeTarget section */
		865768A8273AEAB500DEFC9A /* LinkedIn-Clone */ = {
			isa = PBXNativeTarget;
			buildConfigurationList = 865768B7273AEAB600DEFC9A /* Build configuration list for PBXNativeTarget "LinkedIn-Clone" */;
			buildPhases = (
				865768A5273AEAB500DEFC9A /* Sources */,
				865768A6273AEAB500DEFC9A /* Frameworks */,
				865768A7273AEAB500DEFC9A /* Resources */,
			);
			buildRules = (
			);
			dependencies = (
			);
			name = "LinkedIn-Clone";
			productName = "LinkedIn-Clone";
			productReference = 865768A9273AEAB500DEFC9A /* LinkedIn-Clone.app */;
			productType = "com.apple.product-type.application";
		};
/* End PBXNativeTarget section */

/* Begin PBXProject section */
		865768A1273AEAB500DEFC9A /* Project object */ = {
			isa = PBXProject;
			attributes = {
				BuildIndependentTargetsInParallel = 1;
				LastSwiftUpdateCheck = 1310;
				LastUpgradeCheck = 1310;
				TargetAttributes = {
					865768A8273AEAB500DEFC9A = {
						CreatedOnToolsVersion = 13.1;
					};
				};
			};
			buildConfigurationList = 865768A4273AEAB500DEFC9A /* Build configuration list for PBXProject "LinkedIn-Clone" */;
			compatibilityVersion = "Xcode 13.0";
			developmentRegion = en;
			hasScannedForEncodings = 0;
			knownRegions = (
				en,
				Base,
			);
			mainGroup = 865768A0273AEAB500DEFC9A;
			productRefGroup = 865768AA273AEAB500DEFC9A /* Products */;
			projectDirPath = "";
			projectRoot = "";
			targets = (
				865768A8273AEAB500DEFC9A /* LinkedIn-Clone */,
			);
		};
/* End PBXProject section */

/* Begin PBXResourcesBuildPhase section */
		865768A7273AEAB500DEFC9A /* Resources */ = {
			isa = PBXResourcesBuildPhase;
			buildActionMask = 2147483647;
			files = (
				865768B4273AEAB600DEFC9A /* Preview Assets.xcassets in Resources */,
				865768B1273AEAB600DEFC9A /* Assets.xcassets in Resources */,
			);
			runOnlyForDeploymentPostprocessing = 0;
		};
/* End PBXResourcesBuildPhase section */

/* Begin PBXSourcesBuildPhase section */
		865768A5273AEAB500DEFC9A /* Sources */ = {
			isa = PBXSourcesBuildPhase;
			buildActionMask = 2147483647;
			files = (
				865768D1273AEF3100DEFC9A /* PostView.swift in Sources */,
				865768AF273AEAB500DEFC9A /* ContentView.swift in Sources */,
				865768DE273B058C00DEFC9A /* ProfileView.swift in Sources */,
				865768C8273AEDA700DEFC9A /* HomeView.swift in Sources */,
				865768F32740497200DEFC9A /* NotificationCell.swift in Sources */,
				865768EF273F00A600DEFC9A /* ChatView.swift in Sources */,
				865768D4273AEFDA00DEFC9A /* NotificationView.swift in Sources */,
				865768C0273AECC100DEFC9A /* MainView.swift in Sources */,
				865768CD273AEE7600DEFC9A /* NetworkView.swift in Sources */,
				865768DA273AF0D800DEFC9A /* JobView.swift in Sources */,
				865768AD273AEAB500DEFC9A /* LinkedIn_CloneApp.swift in Sources */,
				865768F72740513300DEFC9A /* JobDetail.swift in Sources */,
				865768F1273FD27100DEFC9A /* NetworkCell.swift in Sources */,
				865768CA273AEDB400DEFC9A /* HomeCell.swift in Sources */,
				865768F527404D4F00DEFC9A /* JobCell.swift in Sources */,
			);
			runOnlyForDeploymentPostprocessing = 0;
		};
/* End PBXSourcesBuildPhase section */

/* Begin XCBuildConfiguration section */
		865768B5273AEAB600DEFC9A /* Debug */ = {
			isa = XCBuildConfiguration;
			buildSettings = {
				ALWAYS_SEARCH_USER_PATHS = NO;
				CLANG_ANALYZER_NONNULL = YES;
				CLANG_ANALYZER_NUMBER_OBJECT_CONVERSION = YES_AGGRESSIVE;
				CLANG_CXX_LANGUAGE_STANDARD = "gnu++17";
				CLANG_CXX_LIBRARY = "libc++";
				CLANG_ENABLE_MODULES = YES;
				CLANG_ENABLE_OBJC_ARC = YES;
				CLANG_ENABLE_OBJC_WEAK = YES;
				CLANG_WARN_BLOCK_CAPTURE_AUTORELEASING = YES;
				CLANG_WARN_BOOL_CONVERSION = YES;
				CLANG_WARN_COMMA = YES;
				CLANG_WARN_CONSTANT_CONVERSION = YES;
				CLANG_WARN_DEPRECATED_OBJC_IMPLEMENTATIONS = YES;
				CLANG_WARN_DIRECT_OBJC_ISA_USAGE = YES_ERROR;
				CLANG_WARN_DOCUMENTATION_COMMENTS = YES;
				CLANG_WARN_EMPTY_BODY = YES;
				CLANG_WARN_ENUM_CONVERSION = YES;
				CLANG_WARN_INFINITE_RECURSION = YES;
				CLANG_WARN_INT_CONVERSION = YES;
				CLANG_WARN_NON_LITERAL_NULL_CONVERSION = YES;
				CLANG_WARN_OBJC_IMPLICIT_RETAIN_SELF = YES;
				CLANG_WARN_OBJC_LITERAL_CONVERSION = YES;
				CLANG_WARN_OBJC_ROOT_CLASS = YES_ERROR;
				CLANG_WARN_QUOTED_INCLUDE_IN_FRAMEWORK_HEADER = YES;
				CLANG_WARN_RANGE_LOOP_ANALYSIS = YES;
				CLANG_WARN_STRICT_PROTOTYPES = YES;
				CLANG_WARN_SUSPICIOUS_MOVE = YES;
				CLANG_WARN_UNGUARDED_AVAILABILITY = YES_AGGRESSIVE;
				CLANG_WARN_UNREACHABLE_CODE = YES;
				CLANG_WARN__DUPLICATE_METHOD_MATCH = YES;
				COPY_PHASE_STRIP = NO;
				DEBUG_INFORMATION_FORMAT = dwarf;
				ENABLE_STRICT_OBJC_MSGSEND = YES;
				ENABLE_TESTABILITY = YES;
				GCC_C_LANGUAGE_STANDARD = gnu11;
				GCC_DYNAMIC_NO_PIC = NO;
				GCC_NO_COMMON_BLOCKS = YES;
				GCC_OPTIMIZATION_LEVEL = 0;
				GCC_PREPROCESSOR_DEFINITIONS = (
					"DEBUG=1",
					"$(inherited)",
				);
				GCC_WARN_64_TO_32_BIT_CONVERSION = YES;
				GCC_WARN_ABOUT_RETURN_TYPE = YES_ERROR;
				GCC_WARN_UNDECLARED_SELECTOR = YES;
				GCC_WARN_UNINITIALIZED_AUTOS = YES_AGGRESSIVE;
				GCC_WARN_UNUSED_FUNCTION = YES;
				GCC_WARN_UNUSED_VARIABLE = YES;
				IPHONEOS_DEPLOYMENT_TARGET = 15.0;
				MTL_ENABLE_DEBUG_INFO = INCLUDE_SOURCE;
				MTL_FAST_MATH = YES;
				ONLY_ACTIVE_ARCH = YES;
				SDKROOT = iphoneos;
				SWIFT_ACTIVE_COMPILATION_CONDITIONS = DEBUG;
				SWIFT_OPTIMIZATION_LEVEL = "-Onone";
			};
			name = Debug;
		};
		865768B6273AEAB600DEFC9A /* Release */ = {
			isa = XCBuildConfiguration;
			buildSettings = {
				ALWAYS_SEARCH_USER_PATHS = NO;
				CLANG_ANALYZER_NONNULL = YES;
				CLANG_ANALYZER_NUMBER_OBJECT_CONVERSION = YES_AGGRESSIVE;
				CLANG_CXX_LANGUAGE_STANDARD = "gnu++17";
				CLANG_CXX_LIBRARY = "libc++";
				CLANG_ENABLE_MODULES = YES;
				CLANG_ENABLE_OBJC_ARC = YES;
				CLANG_ENABLE_OBJC_WEAK = YES;
				CLANG_WARN_BLOCK_CAPTURE_AUTORELEASING = YES;
				CLANG_WARN_BOOL_CONVERSION = YES;
				CLANG_WARN_COMMA = YES;
				CLANG_WARN_CONSTANT_CONVERSION = YES;
				CLANG_WARN_DEPRECATED_OBJC_IMPLEMENTATIONS = YES;
				CLANG_WARN_DIRECT_OBJC_ISA_USAGE = YES_ERROR;
				CLANG_WARN_DOCUMENTATION_COMMENTS = YES;
				CLANG_WARN_EMPTY_BODY = YES;
				CLANG_WARN_ENUM_CONVERSION = YES;
				CLANG_WARN_INFINITE_RECURSION = YES;
				CLANG_WARN_INT_CONVERSION = YES;
				CLANG_WARN_NON_LITERAL_NULL_CONVERSION = YES;
				CLANG_WARN_OBJC_IMPLICIT_RETAIN_SELF = YES;
				CLANG_WARN_OBJC_LITERAL_CONVERSION = YES;
				CLANG_WARN_OBJC_ROOT_CLASS = YES_ERROR;
				CLANG_WARN_QUOTED_INCLUDE_IN_FRAMEWORK_HEADER = YES;
				CLANG_WARN_RANGE_LOOP_ANALYSIS = YES;
				CLANG_WARN_STRICT_PROTOTYPES = YES;
				CLANG_WARN_SUSPICIOUS_MOVE = YES;
				CLANG_WARN_UNGUARDED_AVAILABILITY = YES_AGGRESSIVE;
				CLANG_WARN_UNREACHABLE_CODE = YES;
				CLANG_WARN__DUPLICATE_METHOD_MATCH = YES;
				COPY_PHASE_STRIP = NO;
				DEBUG_INFORMATION_FORMAT = "dwarf-with-dsym";
				ENABLE_NS_ASSERTIONS = NO;
				ENABLE_STRICT_OBJC_MSGSEND = YES;
				GCC_C_LANGUAGE_STANDARD = gnu11;
				GCC_NO_COMMON_BLOCKS = YES;
				GCC_WARN_64_TO_32_BIT_CONVERSION = YES;
				GCC_WARN_ABOUT_RETURN_TYPE = YES_ERROR;
				GCC_WARN_UNDECLARED_SELECTOR = YES;
				GCC_WARN_UNINITIALIZED_AUTOS = YES_AGGRESSIVE;
				GCC_WARN_UNUSED_FUNCTION = YES;
				GCC_WARN_UNUSED_VARIABLE = YES;
				IPHONEOS_DEPLOYMENT_TARGET = 15.0;
				MTL_ENABLE_DEBUG_INFO = NO;
				MTL_FAST_MATH = YES;
				SDKROOT = iphoneos;
				SWIFT_COMPILATION_MODE = wholemodule;
				SWIFT_OPTIMIZATION_LEVEL = "-O";
				VALIDATE_PRODUCT = YES;
			};
			name = Release;
		};
		865768B8273AEAB600DEFC9A /* Debug */ = {
			isa = XCBuildConfiguration;
			buildSettings = {
				ASSETCATALOG_COMPILER_APPICON_NAME = AppIcon;
				ASSETCATALOG_COMPILER_GLOBAL_ACCENT_COLOR_NAME = AccentColor;
				CODE_SIGN_IDENTITY = "Apple Development";
				CODE_SIGN_STYLE = Automatic;
				CURRENT_PROJECT_VERSION = 1;
				DEVELOPMENT_ASSET_PATHS = "\"LinkedIn-Clone/Preview Content\"";
				DEVELOPMENT_TEAM = "";
				ENABLE_PREVIEWS = YES;
				GENERATE_INFOPLIST_FILE = YES;
				INFOPLIST_KEY_UIApplicationSceneManifest_Generation = YES;
				INFOPLIST_KEY_UIApplicationSupportsIndirectInputEvents = YES;
				INFOPLIST_KEY_UILaunchScreen_Generation = YES;
				INFOPLIST_KEY_UISupportedInterfaceOrientations_iPad = "UIInterfaceOrientationPortrait UIInterfaceOrientationPortraitUpsideDown UIInterfaceOrientationLandscapeLeft UIInterfaceOrientationLandscapeRight";
				INFOPLIST_KEY_UISupportedInterfaceOrientations_iPhone = "UIInterfaceOrientationPortrait UIInterfaceOrientationLandscapeLeft UIInterfaceOrientationLandscapeRight";
				LD_RUNPATH_SEARCH_PATHS = (
					"$(inherited)",
					"@executable_path/Frameworks",
				);
				MARKETING_VERSION = 1.0;
				PRODUCT_BUNDLE_IDENTIFIER = "th.ac.tu.dome.cha.kulnis.LinkedIn-Clone";
				PRODUCT_NAME = "$(TARGET_NAME)";
				PROVISIONING_PROFILE_SPECIFIER = "";
				SWIFT_EMIT_LOC_STRINGS = YES;
				SWIFT_VERSION = 5.0;
				TARGETED_DEVICE_FAMILY = "1,2";
			};
			name = Debug;
		};
		865768B9273AEAB600DEFC9A /* Release */ = {
			isa = XCBuildConfiguration;
			buildSettings = {
				ASSETCATALOG_COMPILER_APPICON_NAME = AppIcon;
				ASSETCATALOG_COMPILER_GLOBAL_ACCENT_COLOR_NAME = AccentColor;
				CODE_SIGN_IDENTITY = "Apple Development";
				CODE_SIGN_STYLE = Automatic;
				CURRENT_PROJECT_VERSION = 1;
				DEVELOPMENT_ASSET_PATHS = "\"LinkedIn-Clone/Preview Content\"";
				DEVELOPMENT_TEAM = "";
				ENABLE_PREVIEWS = YES;
				GENERATE_INFOPLIST_FILE = YES;
				INFOPLIST_KEY_UIApplicationSceneManifest_Generation = YES;
				INFOPLIST_KEY_UIApplicationSupportsIndirectInputEvents = YES;
				INFOPLIST_KEY_UILaunchScreen_Generation = YES;
				INFOPLIST_KEY_UISupportedInterfaceOrientations_iPad = "UIInterfaceOrientationPortrait UIInterfaceOrientationPortraitUpsideDown UIInterfaceOrientationLandscapeLeft UIInterfaceOrientationLandscapeRight";
				INFOPLIST_KEY_UISupportedInterfaceOrientations_iPhone = "UIInterfaceOrientationPortrait UIInterfaceOrientationLandscapeLeft UIInterfaceOrientationLandscapeRight";
				LD_RUNPATH_SEARCH_PATHS = (
					"$(inherited)",
					"@executable_path/Frameworks",
				);
				MARKETING_VERSION = 1.0;
				PRODUCT_BUNDLE_IDENTIFIER = "th.ac.tu.dome.cha.kulnis.LinkedIn-Clone";
				PRODUCT_NAME = "$(TARGET_NAME)";
				PROVISIONING_PROFILE_SPECIFIER = "";
				SWIFT_EMIT_LOC_STRINGS = YES;
				SWIFT_VERSION = 5.0;
				TARGETED_DEVICE_FAMILY = "1,2";
			};
			name = Release;
		};
/* End XCBuildConfiguration section */

/* Begin XCConfigurationList section */
		865768A4273AEAB500DEFC9A /* Build configuration list for PBXProject "LinkedIn-Clone" */ = {
			isa = XCConfigurationList;
			buildConfigurations = (
				865768B5273AEAB600DEFC9A /* Debug */,
				865768B6273AEAB600DEFC9A /* Release */,
			);
			defaultConfigurationIsVisible = 0;
			defaultConfigurationName = Release;
		};
		865768B7273AEAB600DEFC9A /* Build configuration list for PBXNativeTarget "LinkedIn-Clone" */ = {
			isa = XCConfigurationList;
			buildConfigurations = (
				865768B8273AEAB600DEFC9A /* Debug */,
				865768B9273AEAB600DEFC9A /* Release */,
			);
			defaultConfigurationIsVisible = 0;
			defaultConfigurationName = Release;
		};
/* End XCConfigurationList section */
	};
	rootObject = 865768A1273AEAB500DEFC9A /* Project object */;
}
